
Microsoft Visual Studio Solution File, Format Version 12.00
# Visual Studio Version 17
VisualStudioVersion = 17.0.32002.185
MinimumVisualStudioVersion = 10.0.40219.1
Project("{FAE04EC0-301F-11D3-BF4B-00C04F79EFBC}") = "lab5", "lab5\lab5.csproj", "{949DB6E3-0815-4122-A0FB-A9CF2C25932F}"
EndProject
Global
	GlobalSection(SolutionConfigurationPlatforms) = preSolution
		Debug|Any CPU = Debug|Any CPU
		Release|Any CPU = Release|Any CPU
	EndGlobalSection
	GlobalSection(ProjectConfigurationPlatforms) = postSolution
		{949DB6E3-0815-4122-A0FB-A9CF2C25932F}.Debug|Any CPU.ActiveCfg = Debug|Any CPU
		{949DB6E3-0815-4122-A0FB-A9CF2C25932F}.Debug|Any CPU.Build.0 = Debug|Any CPU
		{949DB6E3-0815-4122-A0FB-A9CF2C25932F}.Release|Any CPU.ActiveCfg = Release|Any CPU
		{949DB6E3-0815-4122-A0FB-A9CF2C25932F}.Release|Any CPU.Build.0 = Release|Any CPU
	EndGlobalSection
	GlobalSection(SolutionProperties) = preSolution
		HideSolutionNode = FALSE
	EndGlobalSection
	GlobalSection(ExtensibilityGlobals) = postSolution
		SolutionGuid = {549A7ED8-92AC-43F5-9D87-76A2A78E33AC}
	EndGlobalSection
EndGlobal
